
Microsoft Visual Studio Solution File, Format Version 12.00
# Visual Studio 15
Project("{FAE04EC0-301F-11D3-BF4B-00C04F79EFBC}") = "Assembly-CSharp-firstpass", "Assembly-CSharp-firstpass.csproj", "{1F5936C6-73E9-BD41-AF15-BC0CE0C5D33F}"
EndProject
Project("{FAE04EC0-301F-11D3-BF4B-00C04F79EFBC}") = "Assembly-CSharp", "Assembly-CSharp.csproj", "{3EBFEFFA-61E2-8B57-0A34-9D1B7D02C07F}"
EndProject
Global
	GlobalSection(SolutionConfigurationPlatforms) = preSolution
		Debug|Any CPU = Debug|Any CPU
		Release|Any CPU = Release|Any CPU
	EndGlobalSection
	GlobalSection(ProjectConfigurationPlatforms) = postSolution
		{1F5936C6-73E9-BD41-AF15-BC0CE0C5D33F}.Debug|Any CPU.ActiveCfg = Debug|Any CPU
		{1F5936C6-73E9-BD41-AF15-BC0CE0C5D33F}.Debug|Any CPU.Build.0 = Debug|Any CPU
		{1F5936C6-73E9-BD41-AF15-BC0CE0C5D33F}.Release|Any CPU.ActiveCfg = Release|Any CPU
		{1F5936C6-73E9-BD41-AF15-BC0CE0C5D33F}.Release|Any CPU.Build.0 = Release|Any CPU
		{3EBFEFFA-61E2-8B57-0A34-9D1B7D02C07F}.Debug|Any CPU.ActiveCfg = Debug|Any CPU
		{3EBFEFFA-61E2-8B57-0A34-9D1B7D02C07F}.Debug|Any CPU.Build.0 = Debug|Any CPU
		{3EBFEFFA-61E2-8B57-0A34-9D1B7D02C07F}.Release|Any CPU.ActiveCfg = Release|Any CPU
		{3EBFEFFA-61E2-8B57-0A34-9D1B7D02C07F}.Release|Any CPU.Build.0 = Release|Any CPU
	EndGlobalSection
	GlobalSection(SolutionProperties) = preSolution
		HideSolutionNode = FALSE
	EndGlobalSection
EndGlobal
